
Microsoft Visual Studio Solution File, Format Version 12.00
# Visual Studio Version 16
VisualStudioVersion = 16.0.29911.84
MinimumVisualStudioVersion = 10.0.40219.1
Project("{9A19103F-16F7-4668-BE54-9A1E7A4F7556}") = "EliteForce", "EliteForce.csproj", "{055C1540-B877-4C22-9D06-CD4A18E6BEE1}"
EndProject
Global
	GlobalSection(SolutionConfigurationPlatforms) = preSolution
		Debug|Any CPU = Debug|Any CPU
		Release|Any CPU = Release|Any CPU
	EndGlobalSection
	GlobalSection(ProjectConfigurationPlatforms) = postSolution
		{055C1540-B877-4C22-9D06-CD4A18E6BEE1}.Debug|Any CPU.ActiveCfg = Debug|Any CPU
		{055C1540-B877-4C22-9D06-CD4A18E6BEE1}.Debug|Any CPU.Build.0 = Debug|Any CPU
		{055C1540-B877-4C22-9D06-CD4A18E6BEE1}.Release|Any CPU.ActiveCfg = Release|Any CPU
		{055C1540-B877-4C22-9D06-CD4A18E6BEE1}.Release|Any CPU.Build.0 = Release|Any CPU
	EndGlobalSection
	GlobalSection(SolutionProperties) = preSolution
		HideSolutionNode = FALSE
	EndGlobalSection
	GlobalSection(ExtensibilityGlobals) = postSolution
		SolutionGuid = {0ADC8235-61A9-4E84-B268-88F9E9F0C06B}
	EndGlobalSection
EndGlobal
